
Microsoft Visual Studio Solution File, Format Version 12.00
Project("{FAE04EC0-301F-11D3-BF4B-00C04F79EFBC}") = "AssignmentTracker", "AssignmentTracker\AssignmentTracker.csproj", "{50AAF5F8-9F97-4F83-9B5F-5B40A97C7E06}"
EndProject
Project("{FAE04EC0-301F-11D3-BF4B-00C04F79EFBC}") = "AssignmentTracker.Test", "AssignmentTracker.Test\AssignmentTracker.Test.csproj", "{198F0D02-6000-4F22-8A79-98863493745E}"
EndProject
Global
	GlobalSection(SolutionConfigurationPlatforms) = preSolution
		Debug|Any CPU = Debug|Any CPU
		Release|Any CPU = Release|Any CPU
	EndGlobalSection
	GlobalSection(ProjectConfigurationPlatforms) = postSolution
		{50AAF5F8-9F97-4F83-9B5F-5B40A97C7E06}.Debug|Any CPU.ActiveCfg = Debug|Any CPU
		{50AAF5F8-9F97-4F83-9B5F-5B40A97C7E06}.Debug|Any CPU.Build.0 = Debug|Any CPU
		{50AAF5F8-9F97-4F83-9B5F-5B40A97C7E06}.Release|Any CPU.ActiveCfg = Release|Any CPU
		{50AAF5F8-9F97-4F83-9B5F-5B40A97C7E06}.Release|Any CPU.Build.0 = Release|Any CPU
		{198F0D02-6000-4F22-8A79-98863493745E}.Debug|Any CPU.ActiveCfg = Debug|Any CPU
		{198F0D02-6000-4F22-8A79-98863493745E}.Debug|Any CPU.Build.0 = Debug|Any CPU
		{198F0D02-6000-4F22-8A79-98863493745E}.Release|Any CPU.ActiveCfg = Release|Any CPU
		{198F0D02-6000-4F22-8A79-98863493745E}.Release|Any CPU.Build.0 = Release|Any CPU
	EndGlobalSection
EndGlobal
